
Microsoft Visual Studio Solution File, Format Version 12.00
# Visual Studio Version 17
VisualStudioVersion = 17.14.36221.1 d17.14
MinimumVisualStudioVersion = 10.0.40219.1
Project("{FAE04EC0-301F-11D3-BF4B-00C04F79EFBC}") = "DemoWebApi", "DemoWebApi\DemoWebApi.csproj", "{978ACB57-8D77-4A6A-B0D3-D41D836CD061}"
EndProject
Global
	GlobalSection(SolutionConfigurationPlatforms) = preSolution
		Debug|Any CPU = Debug|Any CPU
		Release|Any CPU = Release|Any CPU
	EndGlobalSection
	GlobalSection(ProjectConfigurationPlatforms) = postSolution
		{978ACB57-8D77-4A6A-B0D3-D41D836CD061}.Debug|Any CPU.ActiveCfg = Debug|Any CPU
		{978ACB57-8D77-4A6A-B0D3-D41D836CD061}.Debug|Any CPU.Build.0 = Debug|Any CPU
		{978ACB57-8D77-4A6A-B0D3-D41D836CD061}.Release|Any CPU.ActiveCfg = Release|Any CPU
		{978ACB57-8D77-4A6A-B0D3-D41D836CD061}.Release|Any CPU.Build.0 = Release|Any CPU
	EndGlobalSection
	GlobalSection(SolutionProperties) = preSolution
		HideSolutionNode = FALSE
	EndGlobalSection
	GlobalSection(ExtensibilityGlobals) = postSolution
		SolutionGuid = {CCC6BC3E-8D22-4FED-BD3B-EA527DC9DB5C}
	EndGlobalSection
EndGlobal
